
Microsoft Visual Studio Solution File, Format Version 12.00
# Visual Studio Version 17
VisualStudioVersion = 17.13.35931.197 d17.13
MinimumVisualStudioVersion = 10.0.40219.1
Project("{00D1A9C2-B5F0-4AF3-8072-F6C62B433612}") = "Academia", "Academia.sqlproj", "{587264F7-9ED1-4742-A3CF-C3931607F41C}"
EndProject
Global
	GlobalSection(SolutionConfigurationPlatforms) = preSolution
		Debug|Any CPU = Debug|Any CPU
		Release|Any CPU = Release|Any CPU
	EndGlobalSection
	GlobalSection(ProjectConfigurationPlatforms) = postSolution
		{587264F7-9ED1-4742-A3CF-C3931607F41C}.Debug|Any CPU.ActiveCfg = Debug|Any CPU
		{587264F7-9ED1-4742-A3CF-C3931607F41C}.Debug|Any CPU.Build.0 = Debug|Any CPU
		{587264F7-9ED1-4742-A3CF-C3931607F41C}.Debug|Any CPU.Deploy.0 = Debug|Any CPU
		{587264F7-9ED1-4742-A3CF-C3931607F41C}.Release|Any CPU.ActiveCfg = Release|Any CPU
		{587264F7-9ED1-4742-A3CF-C3931607F41C}.Release|Any CPU.Build.0 = Release|Any CPU
		{587264F7-9ED1-4742-A3CF-C3931607F41C}.Release|Any CPU.Deploy.0 = Release|Any CPU
	EndGlobalSection
	GlobalSection(SolutionProperties) = preSolution
		HideSolutionNode = FALSE
	EndGlobalSection
	GlobalSection(ExtensibilityGlobals) = postSolution
		SolutionGuid = {355B57D1-EB05-4C21-BD32-8BB700A1A284}
	EndGlobalSection
EndGlobal
